
Microsoft Visual Studio Solution File, Format Version 12.00
# Visual Studio Version 17
VisualStudioVersion = 17.10.34916.146
MinimumVisualStudioVersion = 10.0.40219.1
Project("{9A19103F-16F7-4668-BE54-9A1E7A4F7556}") = "Movie_Website", "Movie_Website\Movie_Website.csproj", "{66DBAD8D-4D85-44D9-A7E8-AB66E0D114C7}"
EndProject
Project("{FAE04EC0-301F-11D3-BF4B-00C04F79EFBC}") = "DataLayer", "DataLayer\DataLayer.csproj", "{86EB85C1-2EAD-4FC4-A9BF-45925CD0FF1B}"
EndProject
Global
	GlobalSection(SolutionConfigurationPlatforms) = preSolution
		Debug|Any CPU = Debug|Any CPU
		Release|Any CPU = Release|Any CPU
	EndGlobalSection
	GlobalSection(ProjectConfigurationPlatforms) = postSolution
		{66DBAD8D-4D85-44D9-A7E8-AB66E0D114C7}.Debug|Any CPU.ActiveCfg = Debug|Any CPU
		{66DBAD8D-4D85-44D9-A7E8-AB66E0D114C7}.Debug|Any CPU.Build.0 = Debug|Any CPU
		{66DBAD8D-4D85-44D9-A7E8-AB66E0D114C7}.Release|Any CPU.ActiveCfg = Release|Any CPU
		{66DBAD8D-4D85-44D9-A7E8-AB66E0D114C7}.Release|Any CPU.Build.0 = Release|Any CPU
		{86EB85C1-2EAD-4FC4-A9BF-45925CD0FF1B}.Debug|Any CPU.ActiveCfg = Debug|Any CPU
		{86EB85C1-2EAD-4FC4-A9BF-45925CD0FF1B}.Debug|Any CPU.Build.0 = Debug|Any CPU
		{86EB85C1-2EAD-4FC4-A9BF-45925CD0FF1B}.Release|Any CPU.ActiveCfg = Release|Any CPU
		{86EB85C1-2EAD-4FC4-A9BF-45925CD0FF1B}.Release|Any CPU.Build.0 = Release|Any CPU
	EndGlobalSection
	GlobalSection(SolutionProperties) = preSolution
		HideSolutionNode = FALSE
	EndGlobalSection
	GlobalSection(ExtensibilityGlobals) = postSolution
		SolutionGuid = {C7C3CD35-0687-48E2-AFF8-D14C7E9FFD13}
	EndGlobalSection
EndGlobal
